
Microsoft Visual Studio Solution File, Format Version 12.00
# Visual Studio Version 16
VisualStudioVersion = 16.0.29409.12
MinimumVisualStudioVersion = 10.0.40219.1
Project("{FAE04EC0-301F-11D3-BF4B-00C04F79EFBC}") = "BarkotTakip.UI.Windows", "BarkotTakipSistemi\BarkotTakip.UI.Windows.csproj", "{951C5D7C-B8B1-419C-B869-558FBF672157}"
EndProject
Project("{FAE04EC0-301F-11D3-BF4B-00C04F79EFBC}") = "BarkotTakip.Data", "BarkotTakip.Data\BarkotTakip.Data.csproj", "{A4880CD5-9D14-4B48-ABC5-710DAA5A414A}"
EndProject
Project("{FAE04EC0-301F-11D3-BF4B-00C04F79EFBC}") = "BarkotTakip.Dto", "BarkotTakip.Dto\BarkotTakip.Dto.csproj", "{8695E12F-2804-42F2-B6D5-F06C90EFEFAD}"
EndProject
Project("{FAE04EC0-301F-11D3-BF4B-00C04F79EFBC}") = "BarkotTakip.Common", "BarkotTakip.Common\BarkotTakip.Common.csproj", "{0210BAB0-2C19-4852-97F7-50E39D4887B5}"
EndProject
Project("{FAE04EC0-301F-11D3-BF4B-00C04F79EFBC}") = "BarkotTakip.Businees", "BarkotTakip.Service\BarkotTakip.Businees.csproj", "{059F3246-6B99-44AB-9F80-BFA33F4CAB41}"
EndProject
Global
	GlobalSection(SolutionConfigurationPlatforms) = preSolution
		Debug|Any CPU = Debug|Any CPU
		Release|Any CPU = Release|Any CPU
	EndGlobalSection
	GlobalSection(ProjectConfigurationPlatforms) = postSolution
		{951C5D7C-B8B1-419C-B869-558FBF672157}.Debug|Any CPU.ActiveCfg = Debug|Any CPU
		{951C5D7C-B8B1-419C-B869-558FBF672157}.Debug|Any CPU.Build.0 = Debug|Any CPU
		{951C5D7C-B8B1-419C-B869-558FBF672157}.Release|Any CPU.ActiveCfg = Release|Any CPU
		{951C5D7C-B8B1-419C-B869-558FBF672157}.Release|Any CPU.Build.0 = Release|Any CPU
		{A4880CD5-9D14-4B48-ABC5-710DAA5A414A}.Debug|Any CPU.ActiveCfg = Debug|Any CPU
		{A4880CD5-9D14-4B48-ABC5-710DAA5A414A}.Debug|Any CPU.Build.0 = Debug|Any CPU
		{A4880CD5-9D14-4B48-ABC5-710DAA5A414A}.Release|Any CPU.ActiveCfg = Release|Any CPU
		{A4880CD5-9D14-4B48-ABC5-710DAA5A414A}.Release|Any CPU.Build.0 = Release|Any CPU
		{8695E12F-2804-42F2-B6D5-F06C90EFEFAD}.Debug|Any CPU.ActiveCfg = Debug|Any CPU
		{8695E12F-2804-42F2-B6D5-F06C90EFEFAD}.Debug|Any CPU.Build.0 = Debug|Any CPU
		{8695E12F-2804-42F2-B6D5-F06C90EFEFAD}.Release|Any CPU.ActiveCfg = Release|Any CPU
		{8695E12F-2804-42F2-B6D5-F06C90EFEFAD}.Release|Any CPU.Build.0 = Release|Any CPU
		{0210BAB0-2C19-4852-97F7-50E39D4887B5}.Debug|Any CPU.ActiveCfg = Debug|Any CPU
		{0210BAB0-2C19-4852-97F7-50E39D4887B5}.Debug|Any CPU.Build.0 = Debug|Any CPU
		{0210BAB0-2C19-4852-97F7-50E39D4887B5}.Release|Any CPU.ActiveCfg = Release|Any CPU
		{0210BAB0-2C19-4852-97F7-50E39D4887B5}.Release|Any CPU.Build.0 = Release|Any CPU
		{059F3246-6B99-44AB-9F80-BFA33F4CAB41}.Debug|Any CPU.ActiveCfg = Debug|Any CPU
		{059F3246-6B99-44AB-9F80-BFA33F4CAB41}.Debug|Any CPU.Build.0 = Debug|Any CPU
		{059F3246-6B99-44AB-9F80-BFA33F4CAB41}.Release|Any CPU.ActiveCfg = Release|Any CPU
		{059F3246-6B99-44AB-9F80-BFA33F4CAB41}.Release|Any CPU.Build.0 = Release|Any CPU
	EndGlobalSection
	GlobalSection(SolutionProperties) = preSolution
		HideSolutionNode = FALSE
	EndGlobalSection
	GlobalSection(ExtensibilityGlobals) = postSolution
		SolutionGuid = {9FB955D8-945C-480D-A438-2A88770F9E6A}
	EndGlobalSection
EndGlobal
